
Microsoft Visual Studio Solution File, Format Version 12.00
# Visual Studio 15
VisualStudioVersion = 15.0.28307.421
MinimumVisualStudioVersion = 10.0.40219.1
Project("{FAE04EC0-301F-11D3-BF4B-00C04F79EFBC}") = "IPOCS_Programmer", "IPOCS_Programmer\IPOCS_Programmer.csproj", "{FDE2D1D5-A321-4675-866F-C1C7A1713D37}"
EndProject
Project("{FAE04EC0-301F-11D3-BF4B-00C04F79EFBC}") = "IPOCS", "IPOCS\IPOCS.csproj", "{AD524F94-69A1-43B2-8202-A529EFE82343}"
EndProject
Global
	GlobalSection(SolutionConfigurationPlatforms) = preSolution
		Debug|Any CPU = Debug|Any CPU
		Release|Any CPU = Release|Any CPU
	EndGlobalSection
	GlobalSection(ProjectConfigurationPlatforms) = postSolution
		{FDE2D1D5-A321-4675-866F-C1C7A1713D37}.Debug|Any CPU.ActiveCfg = Debug|Any CPU
		{FDE2D1D5-A321-4675-866F-C1C7A1713D37}.Debug|Any CPU.Build.0 = Debug|Any CPU
		{FDE2D1D5-A321-4675-866F-C1C7A1713D37}.Release|Any CPU.ActiveCfg = Release|Any CPU
		{FDE2D1D5-A321-4675-866F-C1C7A1713D37}.Release|Any CPU.Build.0 = Release|Any CPU
		{AD524F94-69A1-43B2-8202-A529EFE82343}.Debug|Any CPU.ActiveCfg = Debug|Any CPU
		{AD524F94-69A1-43B2-8202-A529EFE82343}.Debug|Any CPU.Build.0 = Debug|Any CPU
		{AD524F94-69A1-43B2-8202-A529EFE82343}.Release|Any CPU.ActiveCfg = Release|Any CPU
		{AD524F94-69A1-43B2-8202-A529EFE82343}.Release|Any CPU.Build.0 = Release|Any CPU
	EndGlobalSection
	GlobalSection(SolutionProperties) = preSolution
		HideSolutionNode = FALSE
	EndGlobalSection
	GlobalSection(ExtensibilityGlobals) = postSolution
		SolutionGuid = {AD878E5F-43A4-4AA6-A3F6-CD58AEE70DB4}
	EndGlobalSection
EndGlobal
